{
  "name": "blendlayer",
  "version": "1.0.0",
  "lockfileVersion": 1,
  "requires": true,
  "dependencies": {
    "@types/arcgis-js-api": {
      "version": "4.18.0",
      "resolved": "https://registry.npmjs.org/@types/arcgis-js-api/-/arcgis-js-api-4.18.0.tgz",
      "integrity": "sha512-cnC06M0QtE1m5fdhyCEPagi1FBHVIcLDGTy4GSUr4UfKvHHDRBGchcg/QkctOVVcGgv0WnUdfvV6fDxgC5P0vg=="
    },
    "@types/chai": {
      "version": "4.2.14",
      "resolved": "https://registry.npmjs.org/@types/chai/-/chai-4.2.14.tgz",
      "integrity": "sha512-G+ITQPXkwTrslfG5L/BksmbLUA0M1iybEsmCWPqzSxsRRhJZimBKJkoMi8fr/CPygPTj4zO5pJH7I2/cm9M7SQ==",
      "dev": true
    },
    "dojo-typings": {
      "version": "1.11.11",
      "resolved": "https://registry.npmjs.org/dojo-typings/-/dojo-typings-1.11.11.tgz",
      "integrity": "sha512-5pWx9QUnQYruPl4SnD1Y8STFBlqnw+Q6ku2Nl2UcULZyHPOPLGZaDLF+hMe7/3lL0OTtQ3VJfW3D+vN17yq6iQ==",
      "dev": true,
      "requires": {
        "@types/chai": "^4.0.4"
      }
    },
    "tslib": {
      "version": "2.1.0",
      "resolved": "https://registry.npmjs.org/tslib/-/tslib-2.1.0.tgz",
      "integrity": "sha512-hcVC3wYEziELGGmEEXue7D75zbwIIVUMWAVbHItGPx0ziyXxrOMQx4rQEVEV45Ut/1IotuEvwqPopzIOkDMf0A=="
    }
  }
}
